{
  "requires": true,
  "lockfileVersion": 1,
  "dependencies": {
    "@pixi/filter-adjustment": {
      "version": "4.1.3",
      "resolved": "https://registry.npmjs.org/@pixi/filter-adjustment/-/filter-adjustment-4.1.3.tgz",
      "integrity": "sha512-W+NhPiZRYKoRToa5+tkU95eOw8gnS5dfIp3ZP+pLv2mdER9RI+4xHxp1uLHMqUYZViTaMdZIIoVOuCgHFPYCbQ=="
    },
    "@pixi/filter-advanced-bloom": {
      "version": "4.1.3",
      "resolved": "https://registry.npmjs.org/@pixi/filter-advanced-bloom/-/filter-advanced-bloom-4.1.3.tgz",
      "integrity": "sha512-q90BeF8EhFwpuc9E617cCmtWTZjE3Yj99k1kHTkS5cZ2aJkQnV+psYW8gRxJ4tHZ/PLi96uhk6TocSccVj/vmg==",
      "requires": {
        "@pixi/filter-kawase-blur": "4.1.3"
      }
    },
    "@pixi/filter-ascii": {
      "version": "4.1.3",
      "resolved": "https://registry.npmjs.org/@pixi/filter-ascii/-/filter-ascii-4.1.3.tgz",
      "integrity": "sha512-NeOTUkqS8hfHXsRlVhaluuO2BZFVRXzBClWubcLae4s8Mw9eddl8jXU0BeAHQ4ZE6ZRXswTkc4c1x6aPOvZMlw=="
    },
    "@pixi/filter-bevel": {
      "version": "4.1.3",
      "resolved": "https://registry.npmjs.org/@pixi/filter-bevel/-/filter-bevel-4.1.3.tgz",
      "integrity": "sha512-Wagrk0AFFgzSTUtvIShzTwIOE3ZxBD9pMUDZMsNE7gExxuusLUc7j6agTZVR/48c/9S5Anq7anrqLbI1iA1xNQ=="
    },
    "@pixi/filter-bloom": {
      "version": "4.1.3",
      "resolved": "https://registry.npmjs.org/@pixi/filter-bloom/-/filter-bloom-4.1.3.tgz",
      "integrity": "sha512-FHrFLxH3csWopZdWbrA/NgI1p8U9OD1Ji8wbfAOwJljn8z27vzBKJL9i1Mo5VLbuXSmqh0B61G0Y+WOUkRGpNA=="
    },
    "@pixi/filter-bulge-pinch": {
      "version": "4.1.3",
      "resolved": "https://registry.npmjs.org/@pixi/filter-bulge-pinch/-/filter-bulge-pinch-4.1.3.tgz",
      "integrity": "sha512-ScSC1d8sQHB+Xh7GPIIUUoxHpx6akvrF/aTXUtRFZa1OER0cQdVAEzfuH3Mk5CGwnnl64s2esWg6hiNhkaPbgQ=="
    },
    "@pixi/filter-color-map": {
      "version": "4.1.3",
      "resolved": "https://registry.npmjs.org/@pixi/filter-color-map/-/filter-color-map-4.1.3.tgz",
      "integrity": "sha512-yg9RylNo+oUnlxc/5i7jtgklh28SnePmYLm4eAQbR3DWFRFawj3JEZKLaoDGXsuYjvFIAgoY6ChTG/Hb2sK/UQ=="
    },
    "@pixi/filter-color-overlay": {
      "version": "4.1.3",
      "resolved": "https://registry.npmjs.org/@pixi/filter-color-overlay/-/filter-color-overlay-4.1.3.tgz",
      "integrity": "sha512-/wCKbDedfwsiqEPNEIoocdLBS2K1TjHB5ReMmKmBGPjTj6mO4eETG6juDNTj/VyIBfIv+KxUmsHLsAdGQJtS1w=="
    },
    "@pixi/filter-color-replace": {
      "version": "4.1.3",
      "resolved": "https://registry.npmjs.org/@pixi/filter-color-replace/-/filter-color-replace-4.1.3.tgz",
      "integrity": "sha512-Q0J9RKSMBh1XJAFauVgM8WITDp3ejFuUJbnyiUi4wIz9jWEYA9MvcAV9Y04LD4u4k0mKou3UX0rBhJeOIx4HEA=="
    },
    "@pixi/filter-convolution": {
      "version": "4.1.3",
      "resolved": "https://registry.npmjs.org/@pixi/filter-convolution/-/filter-convolution-4.1.3.tgz",
      "integrity": "sha512-d4Y89S9/Y72KPZYS3n84jgwzExkoDK2W99qmyH8VjDIz0Nj14RTLXz1NHwTQC7nl1inFYQWLfudmRX8QmrC4ww=="
    },
    "@pixi/filter-cross-hatch": {
      "version": "4.1.3",
      "resolved": "https://registry.npmjs.org/@pixi/filter-cross-hatch/-/filter-cross-hatch-4.1.3.tgz",
      "integrity": "sha512-tnRwOR0POApJMTP3dggj9UQszikIZOU8Z9jjzB4pyKHSCNGFuALkN2CkjMyOojA0Cxtia0HbmU5v+CzSahOwVQ=="
    },
    "@pixi/filter-crt": {
      "version": "4.1.3",
      "resolved": "https://registry.npmjs.org/@pixi/filter-crt/-/filter-crt-4.1.3.tgz",
      "integrity": "sha512-LQPbMj9pQgJnfjwHUQOprn1Yt+m0gMg4R+1a2qpW/8DvEw/jx5byO4t+hIXrhauiOhS1JzHXg2bWaVzkjLLzGw=="
    },
    "@pixi/filter-dot": {
      "version": "4.1.3",
      "resolved": "https://registry.npmjs.org/@pixi/filter-dot/-/filter-dot-4.1.3.tgz",
      "integrity": "sha512-BPp6OvXgF7mFXAy85hg7IcvXp41H7V0ninQp2WSt/DKAuZw8xG7yZv7yzf2GK+By469dfm5hmegNATqndo4hBw=="
    },
    "@pixi/filter-drop-shadow": {
      "version": "4.1.3",
      "resolved": "https://registry.npmjs.org/@pixi/filter-drop-shadow/-/filter-drop-shadow-4.1.3.tgz",
      "integrity": "sha512-H6oGNmfg6fT/6yOgg8qe8LhAviqPquJmyQ9GIEItaY27rQ3virgIRjNzptlTXbH+mCHrRl5VNA9+4pLJbUMsuA==",
      "requires": {
        "@pixi/filter-kawase-blur": "4.1.3"
      }
    },
    "@pixi/filter-emboss": {
      "version": "4.1.3",
      "resolved": "https://registry.npmjs.org/@pixi/filter-emboss/-/filter-emboss-4.1.3.tgz",
      "integrity": "sha512-MUcjcJZv7qVrkEwpO/xsxai3gutMoCYLIHZyz0XM0LHHa5i0SjWSbck9lRpCRlWrKMIoQP1f7aQEMcnnumvg/Q=="
    },
    "@pixi/filter-glitch": {
      "version": "4.1.3",
      "resolved": "https://registry.npmjs.org/@pixi/filter-glitch/-/filter-glitch-4.1.3.tgz",
      "integrity": "sha512-lPxpQOE5EY/06lTdy1xAGvLcjK07zB41NuendVXXOzvezvecI+CwqRAG8LKF1s+o0Cwf/p6XHV3WOvC+tM1CSw=="
    },
    "@pixi/filter-glow": {
      "version": "4.1.3",
      "resolved": "https://registry.npmjs.org/@pixi/filter-glow/-/filter-glow-4.1.3.tgz",
      "integrity": "sha512-vf89rjY2a/GPfdTV9r06TGkVrcexiCXgUOxfMVpYGQnjd4i74q7D8nMXgmij+0VN5ee78/rb29fGzQmHW5Lsdg=="
    },
    "@pixi/filter-godray": {
      "version": "4.1.3",
      "resolved": "https://registry.npmjs.org/@pixi/filter-godray/-/filter-godray-4.1.3.tgz",
      "integrity": "sha512-EeGW4lL85TJjn1elpE5YtuM3BNoLT7BFiT3PFEvl6rCNwTz6ZN0c/nWD4MkzhcO/yYOrFrMlDwTT994YOBm09A=="
    },
    "@pixi/filter-kawase-blur": {
      "version": "4.1.3",
      "resolved": "https://registry.npmjs.org/@pixi/filter-kawase-blur/-/filter-kawase-blur-4.1.3.tgz",
      "integrity": "sha512-T5nypyWjEwjLIqR9MrOYXduxuMaXr8zRBvwSDeSmhZpp4oPDE+ChxiIWKoruZ8pTDDqdIhHJ5ZeXMTFEOlOlgA=="
    },
    "@pixi/filter-motion-blur": {
      "version": "4.1.3",
      "resolved": "https://registry.npmjs.org/@pixi/filter-motion-blur/-/filter-motion-blur-4.1.3.tgz",
      "integrity": "sha512-x4Mwa9SxfZkHC3wX1JmprVhpJp501+UVba3phZFPaBySGrxbXZekTf27VM7wbLvBQvsnDQQWr3gSe0J42sjtig=="
    },
    "@pixi/filter-multi-color-replace": {
      "version": "4.1.3",
      "resolved": "https://registry.npmjs.org/@pixi/filter-multi-color-replace/-/filter-multi-color-replace-4.1.3.tgz",
      "integrity": "sha512-NYJghGEBDDRySLypF+KPuY8SaPK5p0Yu1GE+HrhvSh/jBGHYyU8SZJuRUXIRkfcbnLnqMRPOXMrqXsjZncDlsw=="
    },
    "@pixi/filter-old-film": {
      "version": "4.1.3",
      "resolved": "https://registry.npmjs.org/@pixi/filter-old-film/-/filter-old-film-4.1.3.tgz",
      "integrity": "sha512-2pACBVgKVtU8vDM2OVu9BmdAlYxfBUJljQbvW3JyR4NCn/bkv2hv8ObJxfESpya48B9i336V5gmXmaIv2rp0ZA=="
    },
    "@pixi/filter-outline": {
      "version": "4.1.3",
      "resolved": "https://registry.npmjs.org/@pixi/filter-outline/-/filter-outline-4.1.3.tgz",
      "integrity": "sha512-GduzlDySHsq2omPR0CRvWlzsnXqKX+uZt0T/Aetk+FOK36j19oxTQqR1l776ruOjftgfvbnCpN+o6NyuvBKf5g=="
    },
    "@pixi/filter-pixelate": {
      "version": "4.1.3",
      "resolved": "https://registry.npmjs.org/@pixi/filter-pixelate/-/filter-pixelate-4.1.3.tgz",
      "integrity": "sha512-1YEc46GO08C2nc54P/9yxWH7TaVTNoJe+EEvuXKiSITVadr4fEizkm607m+VAt6Ngv6bYpCAxO36HoRTFf3mAw=="
    },
    "@pixi/filter-radial-blur": {
      "version": "4.1.3",
      "resolved": "https://registry.npmjs.org/@pixi/filter-radial-blur/-/filter-radial-blur-4.1.3.tgz",
      "integrity": "sha512-VGy2372pgP1Wh182gx6b41+UcH/21QdLPD4fKCQkHxQUlFgsLNoEmtDpcghxe8uBjdZxAzbaGaZONsR+Q1ueOQ=="
    },
    "@pixi/filter-reflection": {
      "version": "4.1.3",
      "resolved": "https://registry.npmjs.org/@pixi/filter-reflection/-/filter-reflection-4.1.3.tgz",
      "integrity": "sha512-3C1i/9fzKplaACmjEs5bqSqCs3MwVq0yGGZFQb2kcEH9gYI2NZv3Rxu6xyzDq5cd8ZS59Cw1qLAJIlgEEBgDMQ=="
    },
    "@pixi/filter-rgb-split": {
      "version": "4.1.3",
      "resolved": "https://registry.npmjs.org/@pixi/filter-rgb-split/-/filter-rgb-split-4.1.3.tgz",
      "integrity": "sha512-oPbDz5PlpDqJh8+Z87k9l3mZQCcyZTU1/45hd5Y9H+CoTWsBGcRE7jJFUVW4TjDPlTjVCkBXkOgbz1fVzPPhFg=="
    },
    "@pixi/filter-shockwave": {
      "version": "4.1.3",
      "resolved": "https://registry.npmjs.org/@pixi/filter-shockwave/-/filter-shockwave-4.1.3.tgz",
      "integrity": "sha512-A64f8DxUgqu/Uph8dpEw74xoVt9yaBE3lh6GcmLUMaaLicIvFvMSLyOpGI0CbBvYMPZDyWcnki7FtWH6gTBxcA=="
    },
    "@pixi/filter-simple-lightmap": {
      "version": "4.1.3",
      "resolved": "https://registry.npmjs.org/@pixi/filter-simple-lightmap/-/filter-simple-lightmap-4.1.3.tgz",
      "integrity": "sha512-8+zJMU5OHA3NzTiuW8UB80TclDp2N5TxMe56oEB6AzzPecZ7dp7qg0hshVINity97fhb0QEkGAlFtk33MPoo9A=="
    },
    "@pixi/filter-tilt-shift": {
      "version": "4.1.3",
      "resolved": "https://registry.npmjs.org/@pixi/filter-tilt-shift/-/filter-tilt-shift-4.1.3.tgz",
      "integrity": "sha512-MVRVpFZzN5CSAdI40kUWoZiDID99ZSwSON14l1dZU6zCORaMky5yJEmvkxNWFxFJlolagwzu2Hz4vQHq6Gql7g=="
    },
    "@pixi/filter-twist": {
      "version": "4.1.3",
      "resolved": "https://registry.npmjs.org/@pixi/filter-twist/-/filter-twist-4.1.3.tgz",
      "integrity": "sha512-Mp4b7ybr5m8VjCebva6o1ef88QvbK0VZtXbgxoi2sWo3l9zvQoKwrNsDny3eLNMba3ha1eOmCd/WcB+KwZYnzw=="
    },
    "@pixi/filter-zoom-blur": {
      "version": "4.1.3",
      "resolved": "https://registry.npmjs.org/@pixi/filter-zoom-blur/-/filter-zoom-blur-4.1.3.tgz",
      "integrity": "sha512-fXdexlzfmZxLAcCq86fOUyPI+Fb7nwyn2FzBYVQ1GALAASEBEzCVJup4gYpZkMUn1c3sjrSAkE33EVf9cuis6A=="
    },
    "pixi-filters": {
      "version": "4.1.3",
      "resolved": "https://registry.npmjs.org/pixi-filters/-/pixi-filters-4.1.3.tgz",
      "integrity": "sha512-bnRuGaVmarThUPFVFn70EXoVe5McQffgmb556PB/jsJ0waTpEqv22Ua6REUxai1SMseqlz+BqbSuL5jhub/jHA==",
      "requires": {
        "@pixi/filter-adjustment": "4.1.3",
        "@pixi/filter-advanced-bloom": "4.1.3",
        "@pixi/filter-ascii": "4.1.3",
        "@pixi/filter-bevel": "4.1.3",
        "@pixi/filter-bloom": "4.1.3",
        "@pixi/filter-bulge-pinch": "4.1.3",
        "@pixi/filter-color-map": "4.1.3",
        "@pixi/filter-color-overlay": "4.1.3",
        "@pixi/filter-color-replace": "4.1.3",
        "@pixi/filter-convolution": "4.1.3",
        "@pixi/filter-cross-hatch": "4.1.3",
        "@pixi/filter-crt": "4.1.3",
        "@pixi/filter-dot": "4.1.3",
        "@pixi/filter-drop-shadow": "4.1.3",
        "@pixi/filter-emboss": "4.1.3",
        "@pixi/filter-glitch": "4.1.3",
        "@pixi/filter-glow": "4.1.3",
        "@pixi/filter-godray": "4.1.3",
        "@pixi/filter-kawase-blur": "4.1.3",
        "@pixi/filter-motion-blur": "4.1.3",
        "@pixi/filter-multi-color-replace": "4.1.3",
        "@pixi/filter-old-film": "4.1.3",
        "@pixi/filter-outline": "4.1.3",
        "@pixi/filter-pixelate": "4.1.3",
        "@pixi/filter-radial-blur": "4.1.3",
        "@pixi/filter-reflection": "4.1.3",
        "@pixi/filter-rgb-split": "4.1.3",
        "@pixi/filter-shockwave": "4.1.3",
        "@pixi/filter-simple-lightmap": "4.1.3",
        "@pixi/filter-tilt-shift": "4.1.3",
        "@pixi/filter-twist": "4.1.3",
        "@pixi/filter-zoom-blur": "4.1.3"
      }
    }
  }
}
